{
  "name": "eta-cre-web-shared-js",
  "version": "0.0.1",
  "lockfileVersion": 1,
  "requires": true,
  "dependencies": {
    "@types/bootstrap": {
      "version": "3.3.36",
      "resolved": "https://registry.npmjs.org/@types/bootstrap/-/bootstrap-3.3.36.tgz",
      "integrity": "sha512-Ox4QismJMkIIEx800Potvor1PCFg/VldUkmWBARw33mcJejLfXsRjQowdwr20tOzq73+YxrD40kcHbjWDgOwMA==",
      "dev": true,
      "requires": {
        "@types/jquery": "3.2.18"
      }
    },
    "@types/es6-shim": {
      "version": "0.31.35",
      "resolved": "https://registry.npmjs.org/@types/es6-shim/-/es6-shim-0.31.35.tgz",
      "integrity": "sha512-jecKfIChNeUKKaQ5tWSzK69FDhW/hegDdJIkLXHJfLVDNjoJOdDtNbCnmK8V2IPTgVVEOi+FLhljbvDix8EDtA==",
      "dev": true
    },
    "@types/jquery": {
      "version": "3.2.18",
      "resolved": "https://registry.npmjs.org/@types/jquery/-/jquery-3.2.18.tgz",
      "integrity": "sha512-8dsVAEAbK73GBbQjXUEBhaCXX6A+gEp7+bM7CI7n/850ES6NFObYvJID2F4mGAahLUosKHiJI1QkLS8bV+9VGA==",
      "dev": true
    },
    "@types/systemjs": {
      "version": "0.20.6",
      "resolved": "https://registry.npmjs.org/@types/systemjs/-/systemjs-0.20.6.tgz",
      "integrity": "sha512-p3yv9sBBJXi3noUG216BpUI7VtVBUAvBIfZNTiDROUY31YBfsFHM4DreS7XMekN8IjtX0ysvCnm6r3WnirnNeA==",
      "dev": true
    }
  }
}
